
Microsoft Visual Studio Solution File, Format Version 12.00
# Visual Studio 15
VisualStudioVersion = 15.0.27428.2037
MinimumVisualStudioVersion = 10.0.40219.1
Project("{FAE04EC0-301F-11D3-BF4B-00C04F79EFBC}") = "NetCoreDocker", "NetCoreDocker\NetCoreDocker.csproj", "{869CB1FA-9B59-435A-9118-7BD2FB178C5C}"
EndProject
Project("{E53339B2-1760-4266-BCC7-CA923CBCF16C}") = "docker-compose", "docker-compose.dcproj", "{C84C4D17-EA19-4F06-9A59-DF40C88DE8F6}"
EndProject
Global
	GlobalSection(SolutionConfigurationPlatforms) = preSolution
		Debug|Any CPU = Debug|Any CPU
		Release|Any CPU = Release|Any CPU
	EndGlobalSection
	GlobalSection(ProjectConfigurationPlatforms) = postSolution
		{869CB1FA-9B59-435A-9118-7BD2FB178C5C}.Debug|Any CPU.ActiveCfg = Debug|Any CPU
		{869CB1FA-9B59-435A-9118-7BD2FB178C5C}.Debug|Any CPU.Build.0 = Debug|Any CPU
		{869CB1FA-9B59-435A-9118-7BD2FB178C5C}.Release|Any CPU.ActiveCfg = Release|Any CPU
		{869CB1FA-9B59-435A-9118-7BD2FB178C5C}.Release|Any CPU.Build.0 = Release|Any CPU
		{C84C4D17-EA19-4F06-9A59-DF40C88DE8F6}.Debug|Any CPU.ActiveCfg = Debug|Any CPU
		{C84C4D17-EA19-4F06-9A59-DF40C88DE8F6}.Debug|Any CPU.Build.0 = Debug|Any CPU
		{C84C4D17-EA19-4F06-9A59-DF40C88DE8F6}.Release|Any CPU.ActiveCfg = Release|Any CPU
		{C84C4D17-EA19-4F06-9A59-DF40C88DE8F6}.Release|Any CPU.Build.0 = Release|Any CPU
	EndGlobalSection
	GlobalSection(SolutionProperties) = preSolution
		HideSolutionNode = FALSE
	EndGlobalSection
	GlobalSection(ExtensibilityGlobals) = postSolution
		SolutionGuid = {2E14C18E-819D-468E-9B94-17350A40193B}
	EndGlobalSection
EndGlobal
